
Microsoft Visual Studio Solution File, Format Version 12.00
# Visual Studio 15
VisualStudioVersion = 15.0.26730.10
MinimumVisualStudioVersion = 10.0.40219.1
Project("{9A19103F-16F7-4668-BE54-9A1E7A4F7556}") = "DM.TMS.Domain", "DM.TMS.Domain\DM.TMS.Domain.csproj", "{1345D987-54B8-43A8-849E-8EBCD18186E4}"
EndProject
Project("{9A19103F-16F7-4668-BE54-9A1E7A4F7556}") = "DM.TMS.Domain.Service", "DM.TMS.Domain.Service\DM.TMS.Domain.Service.csproj", "{AE065347-5E2F-477C-98A3-F1855D11F77C}"
EndProject
Project("{9A19103F-16F7-4668-BE54-9A1E7A4F7556}") = "DM.Infrastructure", "DM.Infrastructure\DM.Infrastructure.csproj", "{F317DC80-2A6A-4299-B370-D15FC59820C3}"
EndProject
Project("{9A19103F-16F7-4668-BE54-9A1E7A4F7556}") = "DM.TMS.Repository", "DM.TMS.Repository\DM.TMS.Repository.csproj", "{6BB28944-0723-4C55-A65C-E69A55060B4C}"
EndProject
Project("{9A19103F-16F7-4668-BE54-9A1E7A4F7556}") = "DM.TMS.App", "DM.TMS.App\DM.TMS.App.csproj", "{A708335A-24DF-4165-9995-47DA66422355}"
EndProject
Project("{9A19103F-16F7-4668-BE54-9A1E7A4F7556}") = "DM.TMS.Domain.Interface", "DM.TMS.Domain.Interface\DM.TMS.Domain.Interface.csproj", "{CA0EDB92-9DB3-4F84-8853-4404DBCE217C}"
EndProject
Project("{2150E333-8FDC-42A3-9474-1A3956D46DE8}") = "1-Presentation", "1-Presentation", "{97591DC1-2CAA-4119-BA9A-D75D91CB05BE}"
EndProject
Project("{2150E333-8FDC-42A3-9474-1A3956D46DE8}") = "2-Application", "2-Application", "{A44FA970-359D-4F82-9119-A62F7B7324C8}"
EndProject
Project("{2150E333-8FDC-42A3-9474-1A3956D46DE8}") = "3-Domain", "3-Domain", "{DFC5047D-B10C-4E14-A5B0-59B652609926}"
EndProject
Project("{2150E333-8FDC-42A3-9474-1A3956D46DE8}") = "4-Infrastructure", "4-Infrastructure", "{A186AB35-9812-4864-8943-9F7AAEE725C2}"
EndProject
Project("{2150E333-8FDC-42A3-9474-1A3956D46DE8}") = "5-Test", "5-Test", "{4521D2DE-BC89-4807-BC6B-6EF6AD69CEDE}"
EndProject
Project("{9A19103F-16F7-4668-BE54-9A1E7A4F7556}") = "DM.TMS.BootStrapper", "DM.TMS.BootStrapper\DM.TMS.BootStrapper.csproj", "{DF3D49FC-CED7-4E14-BDE8-F7290C278AA0}"
EndProject
Project("{9A19103F-16F7-4668-BE54-9A1E7A4F7556}") = "DM.TMS.App.DTO", "DM.TMS.App.DTO\DM.TMS.App.DTO.csproj", "{B4B00D23-CEBF-4C3E-B7D9-5C2D186FC5E5}"
EndProject
Project("{2150E333-8FDC-42A3-9474-1A3956D46DE8}") = "6-TaskSet", "6-TaskSet", "{8FA7414B-E75A-43B7-8B6B-BA0DD0A0A165}"
EndProject
Project("{9A19103F-16F7-4668-BE54-9A1E7A4F7556}") = "DM.TMS.Job.OutputTime", "DM.TMS.Job.OutputTime\DM.TMS.Job.OutputTime.csproj", "{21F703E2-5676-4698-AB76-CFA8172AFF76}"
EndProject
Project("{9A19103F-16F7-4668-BE54-9A1E7A4F7556}") = "DM.TMS.Web", "DM.TMS.Web\DM.TMS.Web.csproj", "{C100CFB7-E464-4929-AC54-219EBC450378}"
EndProject
Global
	GlobalSection(SolutionConfigurationPlatforms) = preSolution
		Debug|Any CPU = Debug|Any CPU
		Release|Any CPU = Release|Any CPU
	EndGlobalSection
	GlobalSection(ProjectConfigurationPlatforms) = postSolution
		{1345D987-54B8-43A8-849E-8EBCD18186E4}.Debug|Any CPU.ActiveCfg = Debug|Any CPU
		{1345D987-54B8-43A8-849E-8EBCD18186E4}.Debug|Any CPU.Build.0 = Debug|Any CPU
		{1345D987-54B8-43A8-849E-8EBCD18186E4}.Release|Any CPU.ActiveCfg = Release|Any CPU
		{1345D987-54B8-43A8-849E-8EBCD18186E4}.Release|Any CPU.Build.0 = Release|Any CPU
		{AE065347-5E2F-477C-98A3-F1855D11F77C}.Debug|Any CPU.ActiveCfg = Debug|Any CPU
		{AE065347-5E2F-477C-98A3-F1855D11F77C}.Debug|Any CPU.Build.0 = Debug|Any CPU
		{AE065347-5E2F-477C-98A3-F1855D11F77C}.Release|Any CPU.ActiveCfg = Release|Any CPU
		{AE065347-5E2F-477C-98A3-F1855D11F77C}.Release|Any CPU.Build.0 = Release|Any CPU
		{F317DC80-2A6A-4299-B370-D15FC59820C3}.Debug|Any CPU.ActiveCfg = Debug|Any CPU
		{F317DC80-2A6A-4299-B370-D15FC59820C3}.Debug|Any CPU.Build.0 = Debug|Any CPU
		{F317DC80-2A6A-4299-B370-D15FC59820C3}.Release|Any CPU.ActiveCfg = Release|Any CPU
		{F317DC80-2A6A-4299-B370-D15FC59820C3}.Release|Any CPU.Build.0 = Release|Any CPU
		{6BB28944-0723-4C55-A65C-E69A55060B4C}.Debug|Any CPU.ActiveCfg = Debug|Any CPU
		{6BB28944-0723-4C55-A65C-E69A55060B4C}.Debug|Any CPU.Build.0 = Debug|Any CPU
		{6BB28944-0723-4C55-A65C-E69A55060B4C}.Release|Any CPU.ActiveCfg = Release|Any CPU
		{6BB28944-0723-4C55-A65C-E69A55060B4C}.Release|Any CPU.Build.0 = Release|Any CPU
		{A708335A-24DF-4165-9995-47DA66422355}.Debug|Any CPU.ActiveCfg = Debug|Any CPU
		{A708335A-24DF-4165-9995-47DA66422355}.Debug|Any CPU.Build.0 = Debug|Any CPU
		{A708335A-24DF-4165-9995-47DA66422355}.Release|Any CPU.ActiveCfg = Release|Any CPU
		{A708335A-24DF-4165-9995-47DA66422355}.Release|Any CPU.Build.0 = Release|Any CPU
		{CA0EDB92-9DB3-4F84-8853-4404DBCE217C}.Debug|Any CPU.ActiveCfg = Debug|Any CPU
		{CA0EDB92-9DB3-4F84-8853-4404DBCE217C}.Debug|Any CPU.Build.0 = Debug|Any CPU
		{CA0EDB92-9DB3-4F84-8853-4404DBCE217C}.Release|Any CPU.ActiveCfg = Release|Any CPU
		{CA0EDB92-9DB3-4F84-8853-4404DBCE217C}.Release|Any CPU.Build.0 = Release|Any CPU
		{DF3D49FC-CED7-4E14-BDE8-F7290C278AA0}.Debug|Any CPU.ActiveCfg = Debug|Any CPU
		{DF3D49FC-CED7-4E14-BDE8-F7290C278AA0}.Debug|Any CPU.Build.0 = Debug|Any CPU
		{DF3D49FC-CED7-4E14-BDE8-F7290C278AA0}.Release|Any CPU.ActiveCfg = Release|Any CPU
		{DF3D49FC-CED7-4E14-BDE8-F7290C278AA0}.Release|Any CPU.Build.0 = Release|Any CPU
		{B4B00D23-CEBF-4C3E-B7D9-5C2D186FC5E5}.Debug|Any CPU.ActiveCfg = Debug|Any CPU
		{B4B00D23-CEBF-4C3E-B7D9-5C2D186FC5E5}.Debug|Any CPU.Build.0 = Debug|Any CPU
		{B4B00D23-CEBF-4C3E-B7D9-5C2D186FC5E5}.Release|Any CPU.ActiveCfg = Release|Any CPU
		{B4B00D23-CEBF-4C3E-B7D9-5C2D186FC5E5}.Release|Any CPU.Build.0 = Release|Any CPU
		{21F703E2-5676-4698-AB76-CFA8172AFF76}.Debug|Any CPU.ActiveCfg = Debug|Any CPU
		{21F703E2-5676-4698-AB76-CFA8172AFF76}.Debug|Any CPU.Build.0 = Debug|Any CPU
		{21F703E2-5676-4698-AB76-CFA8172AFF76}.Release|Any CPU.ActiveCfg = Release|Any CPU
		{21F703E2-5676-4698-AB76-CFA8172AFF76}.Release|Any CPU.Build.0 = Release|Any CPU
		{C100CFB7-E464-4929-AC54-219EBC450378}.Debug|Any CPU.ActiveCfg = Debug|Any CPU
		{C100CFB7-E464-4929-AC54-219EBC450378}.Debug|Any CPU.Build.0 = Debug|Any CPU
		{C100CFB7-E464-4929-AC54-219EBC450378}.Release|Any CPU.ActiveCfg = Release|Any CPU
		{C100CFB7-E464-4929-AC54-219EBC450378}.Release|Any CPU.Build.0 = Release|Any CPU
	EndGlobalSection
	GlobalSection(SolutionProperties) = preSolution
		HideSolutionNode = FALSE
	EndGlobalSection
	GlobalSection(NestedProjects) = preSolution
		{1345D987-54B8-43A8-849E-8EBCD18186E4} = {DFC5047D-B10C-4E14-A5B0-59B652609926}
		{AE065347-5E2F-477C-98A3-F1855D11F77C} = {DFC5047D-B10C-4E14-A5B0-59B652609926}
		{F317DC80-2A6A-4299-B370-D15FC59820C3} = {A186AB35-9812-4864-8943-9F7AAEE725C2}
		{6BB28944-0723-4C55-A65C-E69A55060B4C} = {A186AB35-9812-4864-8943-9F7AAEE725C2}
		{A708335A-24DF-4165-9995-47DA66422355} = {A44FA970-359D-4F82-9119-A62F7B7324C8}
		{CA0EDB92-9DB3-4F84-8853-4404DBCE217C} = {DFC5047D-B10C-4E14-A5B0-59B652609926}
		{DF3D49FC-CED7-4E14-BDE8-F7290C278AA0} = {A186AB35-9812-4864-8943-9F7AAEE725C2}
		{B4B00D23-CEBF-4C3E-B7D9-5C2D186FC5E5} = {A44FA970-359D-4F82-9119-A62F7B7324C8}
		{21F703E2-5676-4698-AB76-CFA8172AFF76} = {8FA7414B-E75A-43B7-8B6B-BA0DD0A0A165}
		{C100CFB7-E464-4929-AC54-219EBC450378} = {97591DC1-2CAA-4119-BA9A-D75D91CB05BE}
	EndGlobalSection
	GlobalSection(ExtensibilityGlobals) = postSolution
		SolutionGuid = {FC9865FD-E9E1-4B66-82EC-E49006BAE558}
	EndGlobalSection
EndGlobal
